// !$*UTF8*$!
{
	archiveVersion = 1;
	classes = {
	};
	objectVersion = 56;
	objects = {

/* Begin PBXBuildFile section */
		EF2B324928E394F0007D8648 /* AppDelegate.swift in Sources */ = {isa = PBXBuildFile; fileRef = EF2B324828E394F0007D8648 /* AppDelegate.swift */; };
		EF2B325028E394F0007D8648 /* Main.storyboard in Resources */ = {isa = PBXBuildFile; fileRef = EF2B324E28E394F0007D8648 /* Main.storyboard */; };
		EF2B325228E394F1007D8648 /* Assets.xcassets in Resources */ = {isa = PBXBuildFile; fileRef = EF2B325128E394F1007D8648 /* Assets.xcassets */; };
		EF2B325528E394F1007D8648 /* LaunchScreen.storyboard in Resources */ = {isa = PBXBuildFile; fileRef = EF2B325328E394F1007D8648 /* LaunchScreen.storyboard */; };
		EF3764A128E8D0F8009EAB1C /* DetailsScrollView.swift in Sources */ = {isa = PBXBuildFile; fileRef = EF3764A028E8D0F8009EAB1C /* DetailsScrollView.swift */; };
		EFBC416428E4D1FF000A4265 /* SplashViewController.swift in Sources */ = {isa = PBXBuildFile; fileRef = EFBC416328E4D1FF000A4265 /* SplashViewController.swift */; };
		EFBC416628E4D20B000A4265 /* SplashViewPresenter.swift in Sources */ = {isa = PBXBuildFile; fileRef = EFBC416528E4D20B000A4265 /* SplashViewPresenter.swift */; };
		EFBC416828E4D217000A4265 /* SplashAnimator.swift in Sources */ = {isa = PBXBuildFile; fileRef = EFBC416728E4D217000A4265 /* SplashAnimator.swift */; };
		EFBC416B28E4D466000A4265 /* TabBarController.swift in Sources */ = {isa = PBXBuildFile; fileRef = EFBC416A28E4D466000A4265 /* TabBarController.swift */; };
		EFBC416D28E4D4AB000A4265 /* GenresViewController.swift in Sources */ = {isa = PBXBuildFile; fileRef = EFBC416C28E4D4AB000A4265 /* GenresViewController.swift */; };
		EFBC416F28E4D4D6000A4265 /* SearchViewController.swift in Sources */ = {isa = PBXBuildFile; fileRef = EFBC416E28E4D4D6000A4265 /* SearchViewController.swift */; };
		EFBC417128E4D4FA000A4265 /* WatchListViewController.swift in Sources */ = {isa = PBXBuildFile; fileRef = EFBC417028E4D4FA000A4265 /* WatchListViewController.swift */; };
		EFBC417328E4D50F000A4265 /* DetailsScreenViewController.swift in Sources */ = {isa = PBXBuildFile; fileRef = EFBC417228E4D50F000A4265 /* DetailsScreenViewController.swift */; };
		EFC9FD2328E5A53B0095D147 /* DataRequest.swift in Sources */ = {isa = PBXBuildFile; fileRef = EFC9FD2228E5A53B0095D147 /* DataRequest.swift */; };
		EFC9FD2528E5B61E0095D147 /* NetworkService.swift in Sources */ = {isa = PBXBuildFile; fileRef = EFC9FD2428E5B61E0095D147 /* NetworkService.swift */; };
		EFC9FD2728E5C1AA0095D147 /* ErrorResponse.swift in Sources */ = {isa = PBXBuildFile; fileRef = EFC9FD2628E5C1AA0095D147 /* ErrorResponse.swift */; };
		EFC9FD2C28E5C22C0095D147 /* MovieListRequest.swift in Sources */ = {isa = PBXBuildFile; fileRef = EFC9FD2B28E5C22C0095D147 /* MovieListRequest.swift */; };
		EFC9FD2F28E5C4EC0095D147 /* MovieResponse.swift in Sources */ = {isa = PBXBuildFile; fileRef = EFC9FD2E28E5C4EC0095D147 /* MovieResponse.swift */; };
		EFC9FD3228E5C56F0095D147 /* MovieListViewModel.swift in Sources */ = {isa = PBXBuildFile; fileRef = EFC9FD3128E5C56F0095D147 /* MovieListViewModel.swift */; };
		EFC9FD3928E5C9B70095D147 /* MovieCell.swift in Sources */ = {isa = PBXBuildFile; fileRef = EFC9FD3828E5C9B70095D147 /* MovieCell.swift */; };
		EFC9FD3D28E5CF160095D147 /* MovieViewModel.swift in Sources */ = {isa = PBXBuildFile; fileRef = EFC9FD3C28E5CF160095D147 /* MovieViewModel.swift */; };
		EFC9FD4028E5D1390095D147 /* Kingfisher in Frameworks */ = {isa = PBXBuildFile; productRef = EFC9FD3F28E5D1390095D147 /* Kingfisher */; };
		EFDCFD5E28E6420200F92CC4 /* GenresResponse.swift in Sources */ = {isa = PBXBuildFile; fileRef = EFDCFD5D28E6420200F92CC4 /* GenresResponse.swift */; };
		EFDCFD6128E64F1F00F92CC4 /* UIViewShadow.swift in Sources */ = {isa = PBXBuildFile; fileRef = EFDCFD6028E64F1F00F92CC4 /* UIViewShadow.swift */; };
		EFDCFD6328E71F9600F92CC4 /* GenreListRequest.swift in Sources */ = {isa = PBXBuildFile; fileRef = EFDCFD6228E71F9600F92CC4 /* GenreListRequest.swift */; };
		EFDCFD6528E7210800F92CC4 /* GenreViewModel.swift in Sources */ = {isa = PBXBuildFile; fileRef = EFDCFD6428E7210800F92CC4 /* GenreViewModel.swift */; };
		EFDCFD6728E7219B00F92CC4 /* GenreListViewModel.swift in Sources */ = {isa = PBXBuildFile; fileRef = EFDCFD6628E7219B00F92CC4 /* GenreListViewModel.swift */; };
		EFDCFD6928E7266E00F92CC4 /* HeaderMovieCell.swift in Sources */ = {isa = PBXBuildFile; fileRef = EFDCFD6828E7266E00F92CC4 /* HeaderMovieCell.swift */; };
		EFDCFD6B28E7791300F92CC4 /* CompositionalLayout.swift in Sources */ = {isa = PBXBuildFile; fileRef = EFDCFD6A28E7791300F92CC4 /* CompositionalLayout.swift */; };
/* End PBXBuildFile section */

/* Begin PBXFileReference section */
		EF2B324528E394F0007D8648 /* PopCornCine.app */ = {isa = PBXFileReference; explicitFileType = wrapper.application; includeInIndex = 0; path = PopCornCine.app; sourceTree = BUILT_PRODUCTS_DIR; };
		EF2B324828E394F0007D8648 /* AppDelegate.swift */ = {isa = PBXFileReference; lastKnownFileType = sourcecode.swift; path = AppDelegate.swift; sourceTree = "<group>"; };
		EF2B324F28E394F0007D8648 /* Base */ = {isa = PBXFileReference; lastKnownFileType = file.storyboard; name = Base; path = Base.lproj/Main.storyboard; sourceTree = "<group>"; };
		EF2B325128E394F1007D8648 /* Assets.xcassets */ = {isa = PBXFileReference; lastKnownFileType = folder.assetcatalog; path = Assets.xcassets; sourceTree = "<group>"; };
		EF2B325428E394F1007D8648 /* Base */ = {isa = PBXFileReference; lastKnownFileType = file.storyboard; name = Base; path = Base.lproj/LaunchScreen.storyboard; sourceTree = "<group>"; };
		EF2B325628E394F1007D8648 /* Info.plist */ = {isa = PBXFileReference; lastKnownFileType = text.plist.xml; path = Info.plist; sourceTree = "<group>"; };
		EF3764A028E8D0F8009EAB1C /* DetailsScrollView.swift */ = {isa = PBXFileReference; lastKnownFileType = sourcecode.swift; path = DetailsScrollView.swift; sourceTree = "<group>"; };
		EFBC416328E4D1FF000A4265 /* SplashViewController.swift */ = {isa = PBXFileReference; lastKnownFileType = sourcecode.swift; path = SplashViewController.swift; sourceTree = "<group>"; };
		EFBC416528E4D20B000A4265 /* SplashViewPresenter.swift */ = {isa = PBXFileReference; lastKnownFileType = sourcecode.swift; path = SplashViewPresenter.swift; sourceTree = "<group>"; };
		EFBC416728E4D217000A4265 /* SplashAnimator.swift */ = {isa = PBXFileReference; lastKnownFileType = sourcecode.swift; path = SplashAnimator.swift; sourceTree = "<group>"; };
		EFBC416A28E4D466000A4265 /* TabBarController.swift */ = {isa = PBXFileReference; lastKnownFileType = sourcecode.swift; path = TabBarController.swift; sourceTree = "<group>"; };
		EFBC416C28E4D4AB000A4265 /* GenresViewController.swift */ = {isa = PBXFileReference; lastKnownFileType = sourcecode.swift; path = GenresViewController.swift; sourceTree = "<group>"; };
		EFBC416E28E4D4D6000A4265 /* SearchViewController.swift */ = {isa = PBXFileReference; lastKnownFileType = sourcecode.swift; path = SearchViewController.swift; sourceTree = "<group>"; };
		EFBC417028E4D4FA000A4265 /* WatchListViewController.swift */ = {isa = PBXFileReference; lastKnownFileType = sourcecode.swift; path = WatchListViewController.swift; sourceTree = "<group>"; };
		EFBC417228E4D50F000A4265 /* DetailsScreenViewController.swift */ = {isa = PBXFileReference; lastKnownFileType = sourcecode.swift; path = DetailsScreenViewController.swift; sourceTree = "<group>"; };
		EFC9FD2228E5A53B0095D147 /* DataRequest.swift */ = {isa = PBXFileReference; lastKnownFileType = sourcecode.swift; path = DataRequest.swift; sourceTree = "<group>"; };
		EFC9FD2428E5B61E0095D147 /* NetworkService.swift */ = {isa = PBXFileReference; lastKnownFileType = sourcecode.swift; path = NetworkService.swift; sourceTree = "<group>"; };
		EFC9FD2628E5C1AA0095D147 /* ErrorResponse.swift */ = {isa = PBXFileReference; lastKnownFileType = sourcecode.swift; path = ErrorResponse.swift; sourceTree = "<group>"; };
		EFC9FD2B28E5C22C0095D147 /* MovieListRequest.swift */ = {isa = PBXFileReference; lastKnownFileType = sourcecode.swift; path = MovieListRequest.swift; sourceTree = "<group>"; };
		EFC9FD2E28E5C4EC0095D147 /* MovieResponse.swift */ = {isa = PBXFileReference; lastKnownFileType = sourcecode.swift; path = MovieResponse.swift; sourceTree = "<group>"; };
		EFC9FD3128E5C56F0095D147 /* MovieListViewModel.swift */ = {isa = PBXFileReference; lastKnownFileType = sourcecode.swift; path = MovieListViewModel.swift; sourceTree = "<group>"; };
		EFC9FD3828E5C9B70095D147 /* MovieCell.swift */ = {isa = PBXFileReference; lastKnownFileType = sourcecode.swift; path = MovieCell.swift; sourceTree = "<group>"; };
		EFC9FD3C28E5CF160095D147 /* MovieViewModel.swift */ = {isa = PBXFileReference; lastKnownFileType = sourcecode.swift; path = MovieViewModel.swift; sourceTree = "<group>"; };
		EFDCFD5D28E6420200F92CC4 /* GenresResponse.swift */ = {isa = PBXFileReference; lastKnownFileType = sourcecode.swift; path = GenresResponse.swift; sourceTree = "<group>"; };
		EFDCFD6028E64F1F00F92CC4 /* UIViewShadow.swift */ = {isa = PBXFileReference; lastKnownFileType = sourcecode.swift; path = UIViewShadow.swift; sourceTree = "<group>"; };
		EFDCFD6228E71F9600F92CC4 /* GenreListRequest.swift */ = {isa = PBXFileReference; lastKnownFileType = sourcecode.swift; path = GenreListRequest.swift; sourceTree = "<group>"; };
		EFDCFD6428E7210800F92CC4 /* GenreViewModel.swift */ = {isa = PBXFileReference; lastKnownFileType = sourcecode.swift; path = GenreViewModel.swift; sourceTree = "<group>"; };
		EFDCFD6628E7219B00F92CC4 /* GenreListViewModel.swift */ = {isa = PBXFileReference; lastKnownFileType = sourcecode.swift; path = GenreListViewModel.swift; sourceTree = "<group>"; };
		EFDCFD6828E7266E00F92CC4 /* HeaderMovieCell.swift */ = {isa = PBXFileReference; lastKnownFileType = sourcecode.swift; path = HeaderMovieCell.swift; sourceTree = "<group>"; };
		EFDCFD6A28E7791300F92CC4 /* CompositionalLayout.swift */ = {isa = PBXFileReference; lastKnownFileType = sourcecode.swift; path = CompositionalLayout.swift; sourceTree = "<group>"; };
/* End PBXFileReference section */

/* Begin PBXFrameworksBuildPhase section */
		EF2B324228E394F0007D8648 /* Frameworks */ = {
			isa = PBXFrameworksBuildPhase;
			buildActionMask = 2147483647;
			files = (
				EFC9FD4028E5D1390095D147 /* Kingfisher in Frameworks */,
			);
			runOnlyForDeploymentPostprocessing = 0;
		};
/* End PBXFrameworksBuildPhase section */

/* Begin PBXGroup section */
		EF2B323C28E394F0007D8648 = {
			isa = PBXGroup;
			children = (
				EF2B324728E394F0007D8648 /* PopCornCine */,
				EF2B324628E394F0007D8648 /* Products */,
			);
			sourceTree = "<group>";
		};
		EF2B324628E394F0007D8648 /* Products */ = {
			isa = PBXGroup;
			children = (
				EF2B324528E394F0007D8648 /* PopCornCine.app */,
			);
			name = Products;
			sourceTree = "<group>";
		};
		EF2B324728E394F0007D8648 /* PopCornCine */ = {
			isa = PBXGroup;
			children = (
				EFDCFD5F28E64F0000F92CC4 /* Extension & Method */,
				EFC9FD2D28E5C4D30095D147 /* Model */,
				EFC9FD3728E5C9A50095D147 /* View */,
				EFC9FD3028E5C5570095D147 /* ViewModel */,
				EFBC416928E4D449000A4265 /* ViewController */,
				EFC9FD2128E5A4B80095D147 /* Network */,
				EFBC417528E4D9A5000A4265 /* Resources */,
				EFBC417428E4D98F000A4265 /* Application */,
				EFBC416228E4D1E1000A4265 /* SplashLauchScreen */,
			);
			path = PopCornCine;
			sourceTree = "<group>";
		};
		EFBC416228E4D1E1000A4265 /* SplashLauchScreen */ = {
			isa = PBXGroup;
			children = (
				EFBC416328E4D1FF000A4265 /* SplashViewController.swift */,
				EFBC416528E4D20B000A4265 /* SplashViewPresenter.swift */,
				EFBC416728E4D217000A4265 /* SplashAnimator.swift */,
			);
			path = SplashLauchScreen;
			sourceTree = "<group>";
		};
		EFBC416928E4D449000A4265 /* ViewController */ = {
			isa = PBXGroup;
			children = (
				EFBC416A28E4D466000A4265 /* TabBarController.swift */,
				EFBC416C28E4D4AB000A4265 /* GenresViewController.swift */,
				EFBC416E28E4D4D6000A4265 /* SearchViewController.swift */,
				EFBC417028E4D4FA000A4265 /* WatchListViewController.swift */,
				EFBC417228E4D50F000A4265 /* DetailsScreenViewController.swift */,
			);
			path = ViewController;
			sourceTree = "<group>";
		};
		EFBC417428E4D98F000A4265 /* Application */ = {
			isa = PBXGroup;
			children = (
				EF2B324828E394F0007D8648 /* AppDelegate.swift */,
			);
			path = Application;
			sourceTree = "<group>";
		};
		EFBC417528E4D9A5000A4265 /* Resources */ = {
			isa = PBXGroup;
			children = (
				EF2B324E28E394F0007D8648 /* Main.storyboard */,
				EF2B325328E394F1007D8648 /* LaunchScreen.storyboard */,
				EF2B325128E394F1007D8648 /* Assets.xcassets */,
				EF2B325628E394F1007D8648 /* Info.plist */,
			);
			path = Resources;
			sourceTree = "<group>";
		};
		EFC9FD2128E5A4B80095D147 /* Network */ = {
			isa = PBXGroup;
			children = (
				EFC9FD2228E5A53B0095D147 /* DataRequest.swift */,
				EFC9FD2428E5B61E0095D147 /* NetworkService.swift */,
				EFC9FD2628E5C1AA0095D147 /* ErrorResponse.swift */,
				EFC9FD2A28E5C2120095D147 /* Request */,
			);
			path = Network;
			sourceTree = "<group>";
		};
		EFC9FD2A28E5C2120095D147 /* Request */ = {
			isa = PBXGroup;
			children = (
				EFC9FD2B28E5C22C0095D147 /* MovieListRequest.swift */,
				EFDCFD6228E71F9600F92CC4 /* GenreListRequest.swift */,
			);
			path = Request;
			sourceTree = "<group>";
		};
		EFC9FD2D28E5C4D30095D147 /* Model */ = {
			isa = PBXGroup;
			children = (
				EFC9FD2E28E5C4EC0095D147 /* MovieResponse.swift */,
				EFDCFD5D28E6420200F92CC4 /* GenresResponse.swift */,
			);
			path = Model;
			sourceTree = "<group>";
		};
		EFC9FD3028E5C5570095D147 /* ViewModel */ = {
			isa = PBXGroup;
			children = (
				EFC9FD3128E5C56F0095D147 /* MovieListViewModel.swift */,
				EFC9FD3C28E5CF160095D147 /* MovieViewModel.swift */,
				EFDCFD6428E7210800F92CC4 /* GenreViewModel.swift */,
				EFDCFD6628E7219B00F92CC4 /* GenreListViewModel.swift */,
			);
			path = ViewModel;
			sourceTree = "<group>";
		};
		EFC9FD3728E5C9A50095D147 /* View */ = {
			isa = PBXGroup;
			children = (
				EF3764A028E8D0F8009EAB1C /* DetailsScrollView.swift */,
				EFC9FD3828E5C9B70095D147 /* MovieCell.swift */,
				EFDCFD6828E7266E00F92CC4 /* HeaderMovieCell.swift */,
			);
			path = View;
			sourceTree = "<group>";
		};
		EFDCFD5F28E64F0000F92CC4 /* Extension & Method */ = {
			isa = PBXGroup;
			children = (
				EFDCFD6028E64F1F00F92CC4 /* UIViewShadow.swift */,
				EFDCFD6A28E7791300F92CC4 /* CompositionalLayout.swift */,
			);
			path = "Extension & Method";
			sourceTree = "<group>";
		};
/* End PBXGroup section */

/* Begin PBXNativeTarget section */
		EF2B324428E394F0007D8648 /* PopCornCine */ = {
			isa = PBXNativeTarget;
			buildConfigurationList = EF2B325928E394F1007D8648 /* Build configuration list for PBXNativeTarget "PopCornCine" */;
			buildPhases = (
				EF2B324128E394F0007D8648 /* Sources */,
				EF2B324228E394F0007D8648 /* Frameworks */,
				EF2B324328E394F0007D8648 /* Resources */,
			);
			buildRules = (
			);
			dependencies = (
			);
			name = PopCornCine;
			packageProductDependencies = (
				EFC9FD3F28E5D1390095D147 /* Kingfisher */,
			);
			productName = PopCornCine;
			productReference = EF2B324528E394F0007D8648 /* PopCornCine.app */;
			productType = "com.apple.product-type.application";
		};
/* End PBXNativeTarget section */

/* Begin PBXProject section */
		EF2B323D28E394F0007D8648 /* Project object */ = {
			isa = PBXProject;
			attributes = {
				BuildIndependentTargetsInParallel = 1;
				LastSwiftUpdateCheck = 1400;
				LastUpgradeCheck = 1400;
				TargetAttributes = {
					EF2B324428E394F0007D8648 = {
						CreatedOnToolsVersion = 14.0;
					};
				};
			};
			buildConfigurationList = EF2B324028E394F0007D8648 /* Build configuration list for PBXProject "PopCornCine" */;
			compatibilityVersion = "Xcode 14.0";
			developmentRegion = en;
			hasScannedForEncodings = 0;
			knownRegions = (
				en,
				Base,
			);
			mainGroup = EF2B323C28E394F0007D8648;
			packageReferences = (
				EFC9FD3E28E5D1390095D147 /* XCRemoteSwiftPackageReference "Kingfisher" */,
			);
			productRefGroup = EF2B324628E394F0007D8648 /* Products */;
			projectDirPath = "";
			projectRoot = "";
			targets = (
				EF2B324428E394F0007D8648 /* PopCornCine */,
			);
		};
/* End PBXProject section */

/* Begin PBXResourcesBuildPhase section */
		EF2B324328E394F0007D8648 /* Resources */ = {
			isa = PBXResourcesBuildPhase;
			buildActionMask = 2147483647;
			files = (
				EF2B325528E394F1007D8648 /* LaunchScreen.storyboard in Resources */,
				EF2B325228E394F1007D8648 /* Assets.xcassets in Resources */,
				EF2B325028E394F0007D8648 /* Main.storyboard in Resources */,
			);
			runOnlyForDeploymentPostprocessing = 0;
		};
/* End PBXResourcesBuildPhase section */

/* Begin PBXSourcesBuildPhase section */
		EF2B324128E394F0007D8648 /* Sources */ = {
			isa = PBXSourcesBuildPhase;
			buildActionMask = 2147483647;
			files = (
				EFC9FD3928E5C9B70095D147 /* MovieCell.swift in Sources */,
				EFC9FD2528E5B61E0095D147 /* NetworkService.swift in Sources */,
				EFDCFD5E28E6420200F92CC4 /* GenresResponse.swift in Sources */,
				EFBC417128E4D4FA000A4265 /* WatchListViewController.swift in Sources */,
				EFDCFD6728E7219B00F92CC4 /* GenreListViewModel.swift in Sources */,
				EFDCFD6328E71F9600F92CC4 /* GenreListRequest.swift in Sources */,
				EFC9FD2328E5A53B0095D147 /* DataRequest.swift in Sources */,
				EFC9FD2728E5C1AA0095D147 /* ErrorResponse.swift in Sources */,
				EFC9FD2F28E5C4EC0095D147 /* MovieResponse.swift in Sources */,
				EFDCFD6B28E7791300F92CC4 /* CompositionalLayout.swift in Sources */,
				EFC9FD2C28E5C22C0095D147 /* MovieListRequest.swift in Sources */,
				EFDCFD6128E64F1F00F92CC4 /* UIViewShadow.swift in Sources */,
				EFBC416428E4D1FF000A4265 /* SplashViewController.swift in Sources */,
				EFBC416828E4D217000A4265 /* SplashAnimator.swift in Sources */,
				EFC9FD3D28E5CF160095D147 /* MovieViewModel.swift in Sources */,
				EFDCFD6928E7266E00F92CC4 /* HeaderMovieCell.swift in Sources */,
				EF3764A128E8D0F8009EAB1C /* DetailsScrollView.swift in Sources */,
				EFC9FD3228E5C56F0095D147 /* MovieListViewModel.swift in Sources */,
				EFBC416F28E4D4D6000A4265 /* SearchViewController.swift in Sources */,
				EFBC416D28E4D4AB000A4265 /* GenresViewController.swift in Sources */,
				EFBC416B28E4D466000A4265 /* TabBarController.swift in Sources */,
				EFBC417328E4D50F000A4265 /* DetailsScreenViewController.swift in Sources */,
				EFBC416628E4D20B000A4265 /* SplashViewPresenter.swift in Sources */,
				EFDCFD6528E7210800F92CC4 /* GenreViewModel.swift in Sources */,
				EF2B324928E394F0007D8648 /* AppDelegate.swift in Sources */,
			);
			runOnlyForDeploymentPostprocessing = 0;
		};
/* End PBXSourcesBuildPhase section */

/* Begin PBXVariantGroup section */
		EF2B324E28E394F0007D8648 /* Main.storyboard */ = {
			isa = PBXVariantGroup;
			children = (
				EF2B324F28E394F0007D8648 /* Base */,
			);
			name = Main.storyboard;
			sourceTree = "<group>";
		};
		EF2B325328E394F1007D8648 /* LaunchScreen.storyboard */ = {
			isa = PBXVariantGroup;
			children = (
				EF2B325428E394F1007D8648 /* Base */,
			);
			name = LaunchScreen.storyboard;
			sourceTree = "<group>";
		};
/* End PBXVariantGroup section */

/* Begin XCBuildConfiguration section */
		EF2B325728E394F1007D8648 /* Debug */ = {
			isa = XCBuildConfiguration;
			buildSettings = {
				ALWAYS_SEARCH_USER_PATHS = NO;
				CLANG_ANALYZER_NONNULL = YES;
				CLANG_ANALYZER_NUMBER_OBJECT_CONVERSION = YES_AGGRESSIVE;
				CLANG_CXX_LANGUAGE_STANDARD = "gnu++20";
				CLANG_ENABLE_MODULES = YES;
				CLANG_ENABLE_OBJC_ARC = YES;
				CLANG_ENABLE_OBJC_WEAK = YES;
				CLANG_WARN_BLOCK_CAPTURE_AUTORELEASING = YES;
				CLANG_WARN_BOOL_CONVERSION = YES;
				CLANG_WARN_COMMA = YES;
				CLANG_WARN_CONSTANT_CONVERSION = YES;
				CLANG_WARN_DEPRECATED_OBJC_IMPLEMENTATIONS = YES;
				CLANG_WARN_DIRECT_OBJC_ISA_USAGE = YES_ERROR;
				CLANG_WARN_DOCUMENTATION_COMMENTS = YES;
				CLANG_WARN_EMPTY_BODY = YES;
				CLANG_WARN_ENUM_CONVERSION = YES;
				CLANG_WARN_INFINITE_RECURSION = YES;
				CLANG_WARN_INT_CONVERSION = YES;
				CLANG_WARN_NON_LITERAL_NULL_CONVERSION = YES;
				CLANG_WARN_OBJC_IMPLICIT_RETAIN_SELF = YES;
				CLANG_WARN_OBJC_LITERAL_CONVERSION = YES;
				CLANG_WARN_OBJC_ROOT_CLASS = YES_ERROR;
				CLANG_WARN_QUOTED_INCLUDE_IN_FRAMEWORK_HEADER = YES;
				CLANG_WARN_RANGE_LOOP_ANALYSIS = YES;
				CLANG_WARN_STRICT_PROTOTYPES = YES;
				CLANG_WARN_SUSPICIOUS_MOVE = YES;
				CLANG_WARN_UNGUARDED_AVAILABILITY = YES_AGGRESSIVE;
				CLANG_WARN_UNREACHABLE_CODE = YES;
				CLANG_WARN__DUPLICATE_METHOD_MATCH = YES;
				COPY_PHASE_STRIP = NO;
				DEBUG_INFORMATION_FORMAT = dwarf;
				ENABLE_STRICT_OBJC_MSGSEND = YES;
				ENABLE_TESTABILITY = YES;
				GCC_C_LANGUAGE_STANDARD = gnu11;
				GCC_DYNAMIC_NO_PIC = NO;
				GCC_NO_COMMON_BLOCKS = YES;
				GCC_OPTIMIZATION_LEVEL = 0;
				GCC_PREPROCESSOR_DEFINITIONS = (
					"DEBUG=1",
					"$(inherited)",
				);
				GCC_WARN_64_TO_32_BIT_CONVERSION = YES;
				GCC_WARN_ABOUT_RETURN_TYPE = YES_ERROR;
				GCC_WARN_UNDECLARED_SELECTOR = YES;
				GCC_WARN_UNINITIALIZED_AUTOS = YES_AGGRESSIVE;
				GCC_WARN_UNUSED_FUNCTION = YES;
				GCC_WARN_UNUSED_VARIABLE = YES;
				IPHONEOS_DEPLOYMENT_TARGET = 16.0;
				MTL_ENABLE_DEBUG_INFO = INCLUDE_SOURCE;
				MTL_FAST_MATH = YES;
				ONLY_ACTIVE_ARCH = YES;
				SDKROOT = iphoneos;
				SWIFT_ACTIVE_COMPILATION_CONDITIONS = DEBUG;
				SWIFT_OPTIMIZATION_LEVEL = "-Onone";
			};
			name = Debug;
		};
		EF2B325828E394F1007D8648 /* Release */ = {
			isa = XCBuildConfiguration;
			buildSettings = {
				ALWAYS_SEARCH_USER_PATHS = NO;
				CLANG_ANALYZER_NONNULL = YES;
				CLANG_ANALYZER_NUMBER_OBJECT_CONVERSION = YES_AGGRESSIVE;
				CLANG_CXX_LANGUAGE_STANDARD = "gnu++20";
				CLANG_ENABLE_MODULES = YES;
				CLANG_ENABLE_OBJC_ARC = YES;
				CLANG_ENABLE_OBJC_WEAK = YES;
				CLANG_WARN_BLOCK_CAPTURE_AUTORELEASING = YES;
				CLANG_WARN_BOOL_CONVERSION = YES;
				CLANG_WARN_COMMA = YES;
				CLANG_WARN_CONSTANT_CONVERSION = YES;
				CLANG_WARN_DEPRECATED_OBJC_IMPLEMENTATIONS = YES;
				CLANG_WARN_DIRECT_OBJC_ISA_USAGE = YES_ERROR;
				CLANG_WARN_DOCUMENTATION_COMMENTS = YES;
				CLANG_WARN_EMPTY_BODY = YES;
				CLANG_WARN_ENUM_CONVERSION = YES;
				CLANG_WARN_INFINITE_RECURSION = YES;
				CLANG_WARN_INT_CONVERSION = YES;
				CLANG_WARN_NON_LITERAL_NULL_CONVERSION = YES;
				CLANG_WARN_OBJC_IMPLICIT_RETAIN_SELF = YES;
				CLANG_WARN_OBJC_LITERAL_CONVERSION = YES;
				CLANG_WARN_OBJC_ROOT_CLASS = YES_ERROR;
				CLANG_WARN_QUOTED_INCLUDE_IN_FRAMEWORK_HEADER = YES;
				CLANG_WARN_RANGE_LOOP_ANALYSIS = YES;
				CLANG_WARN_STRICT_PROTOTYPES = YES;
				CLANG_WARN_SUSPICIOUS_MOVE = YES;
				CLANG_WARN_UNGUARDED_AVAILABILITY = YES_AGGRESSIVE;
				CLANG_WARN_UNREACHABLE_CODE = YES;
				CLANG_WARN__DUPLICATE_METHOD_MATCH = YES;
				COPY_PHASE_STRIP = NO;
				DEBUG_INFORMATION_FORMAT = "dwarf-with-dsym";
				ENABLE_NS_ASSERTIONS = NO;
				ENABLE_STRICT_OBJC_MSGSEND = YES;
				GCC_C_LANGUAGE_STANDARD = gnu11;
				GCC_NO_COMMON_BLOCKS = YES;
				GCC_WARN_64_TO_32_BIT_CONVERSION = YES;
				GCC_WARN_ABOUT_RETURN_TYPE = YES_ERROR;
				GCC_WARN_UNDECLARED_SELECTOR = YES;
				GCC_WARN_UNINITIALIZED_AUTOS = YES_AGGRESSIVE;
				GCC_WARN_UNUSED_FUNCTION = YES;
				GCC_WARN_UNUSED_VARIABLE = YES;
				IPHONEOS_DEPLOYMENT_TARGET = 16.0;
				MTL_ENABLE_DEBUG_INFO = NO;
				MTL_FAST_MATH = YES;
				SDKROOT = iphoneos;
				SWIFT_COMPILATION_MODE = wholemodule;
				SWIFT_OPTIMIZATION_LEVEL = "-O";
				VALIDATE_PRODUCT = YES;
			};
			name = Release;
		};
		EF2B325A28E394F1007D8648 /* Debug */ = {
			isa = XCBuildConfiguration;
			buildSettings = {
				ASSETCATALOG_COMPILER_APPICON_NAME = AppIcon;
				ASSETCATALOG_COMPILER_GLOBAL_ACCENT_COLOR_NAME = AccentColor;
				CODE_SIGN_STYLE = Automatic;
				CURRENT_PROJECT_VERSION = 1;
				DEVELOPMENT_TEAM = HDPNMRTNJ6;
				GENERATE_INFOPLIST_FILE = YES;
				INFOPLIST_FILE = PopCornCine/Resources/Info.plist;
				INFOPLIST_KEY_UIApplicationSupportsIndirectInputEvents = YES;
				INFOPLIST_KEY_UILaunchStoryboardName = LaunchScreen;
				INFOPLIST_KEY_UIMainStoryboardFile = Main;
				INFOPLIST_KEY_UISupportedInterfaceOrientations_iPad = "UIInterfaceOrientationPortrait UIInterfaceOrientationPortraitUpsideDown UIInterfaceOrientationLandscapeLeft UIInterfaceOrientationLandscapeRight";
				INFOPLIST_KEY_UISupportedInterfaceOrientations_iPhone = "UIInterfaceOrientationPortrait UIInterfaceOrientationLandscapeLeft UIInterfaceOrientationLandscapeRight";
				LD_RUNPATH_SEARCH_PATHS = (
					"$(inherited)",
					"@executable_path/Frameworks",
				);
				MARKETING_VERSION = 1.0;
				PRODUCT_BUNDLE_IDENTIFIER = com.ArtemBilyi.PopCornCine;
				PRODUCT_NAME = "$(TARGET_NAME)";
				SWIFT_EMIT_LOC_STRINGS = YES;
				SWIFT_VERSION = 5.0;
				TARGETED_DEVICE_FAMILY = "1,2";
			};
			name = Debug;
		};
		EF2B325B28E394F1007D8648 /* Release */ = {
			isa = XCBuildConfiguration;
			buildSettings = {
				ASSETCATALOG_COMPILER_APPICON_NAME = AppIcon;
				ASSETCATALOG_COMPILER_GLOBAL_ACCENT_COLOR_NAME = AccentColor;
				CODE_SIGN_STYLE = Automatic;
				CURRENT_PROJECT_VERSION = 1;
				DEVELOPMENT_TEAM = HDPNMRTNJ6;
				GENERATE_INFOPLIST_FILE = YES;
				INFOPLIST_FILE = PopCornCine/Resources/Info.plist;
				INFOPLIST_KEY_UIApplicationSupportsIndirectInputEvents = YES;
				INFOPLIST_KEY_UILaunchStoryboardName = LaunchScreen;
				INFOPLIST_KEY_UIMainStoryboardFile = Main;
				INFOPLIST_KEY_UISupportedInterfaceOrientations_iPad = "UIInterfaceOrientationPortrait UIInterfaceOrientationPortraitUpsideDown UIInterfaceOrientationLandscapeLeft UIInterfaceOrientationLandscapeRight";
				INFOPLIST_KEY_UISupportedInterfaceOrientations_iPhone = "UIInterfaceOrientationPortrait UIInterfaceOrientationLandscapeLeft UIInterfaceOrientationLandscapeRight";
				LD_RUNPATH_SEARCH_PATHS = (
					"$(inherited)",
					"@executable_path/Frameworks",
				);
				MARKETING_VERSION = 1.0;
				PRODUCT_BUNDLE_IDENTIFIER = com.ArtemBilyi.PopCornCine;
				PRODUCT_NAME = "$(TARGET_NAME)";
				SWIFT_EMIT_LOC_STRINGS = YES;
				SWIFT_VERSION = 5.0;
				TARGETED_DEVICE_FAMILY = "1,2";
			};
			name = Release;
		};
/* End XCBuildConfiguration section */

/* Begin XCConfigurationList section */
		EF2B324028E394F0007D8648 /* Build configuration list for PBXProject "PopCornCine" */ = {
			isa = XCConfigurationList;
			buildConfigurations = (
				EF2B325728E394F1007D8648 /* Debug */,
				EF2B325828E394F1007D8648 /* Release */,
			);
			defaultConfigurationIsVisible = 0;
			defaultConfigurationName = Release;
		};
		EF2B325928E394F1007D8648 /* Build configuration list for PBXNativeTarget "PopCornCine" */ = {
			isa = XCConfigurationList;
			buildConfigurations = (
				EF2B325A28E394F1007D8648 /* Debug */,
				EF2B325B28E394F1007D8648 /* Release */,
			);
			defaultConfigurationIsVisible = 0;
			defaultConfigurationName = Release;
		};
/* End XCConfigurationList section */

/* Begin XCRemoteSwiftPackageReference section */
		EFC9FD3E28E5D1390095D147 /* XCRemoteSwiftPackageReference "Kingfisher" */ = {
			isa = XCRemoteSwiftPackageReference;
			repositoryURL = "https://github.com/onevcat/Kingfisher.git";
			requirement = {
				kind = upToNextMajorVersion;
				minimumVersion = 7.0.0;
			};
		};
/* End XCRemoteSwiftPackageReference section */

/* Begin XCSwiftPackageProductDependency section */
		EFC9FD3F28E5D1390095D147 /* Kingfisher */ = {
			isa = XCSwiftPackageProductDependency;
			package = EFC9FD3E28E5D1390095D147 /* XCRemoteSwiftPackageReference "Kingfisher" */;
			productName = Kingfisher;
		};
/* End XCSwiftPackageProductDependency section */
	};
	rootObject = EF2B323D28E394F0007D8648 /* Project object */;
}
